
Microsoft Visual Studio Solution File, Format Version 12.00
# Visual Studio Version 16
VisualStudioVersion = 16.0.29102.190
MinimumVisualStudioVersion = 10.0.40219.1
Project("{FAE04EC0-301F-11D3-BF4B-00C04F79EFBC}") = "HostelOsis", "HostelOsis\HostelOsis.csproj", "{57B79B1E-5984-4DAD-8BB3-F56C934E7825}"
EndProject
Global
	GlobalSection(SolutionConfigurationPlatforms) = preSolution
		Debug|Any CPU = Debug|Any CPU
		Release|Any CPU = Release|Any CPU
	EndGlobalSection
	GlobalSection(ProjectConfigurationPlatforms) = postSolution
		{57B79B1E-5984-4DAD-8BB3-F56C934E7825}.Debug|Any CPU.ActiveCfg = Debug|Any CPU
		{57B79B1E-5984-4DAD-8BB3-F56C934E7825}.Debug|Any CPU.Build.0 = Debug|Any CPU
		{57B79B1E-5984-4DAD-8BB3-F56C934E7825}.Release|Any CPU.ActiveCfg = Release|Any CPU
		{57B79B1E-5984-4DAD-8BB3-F56C934E7825}.Release|Any CPU.Build.0 = Release|Any CPU
	EndGlobalSection
	GlobalSection(SolutionProperties) = preSolution
		HideSolutionNode = FALSE
	EndGlobalSection
	GlobalSection(ExtensibilityGlobals) = postSolution
		SolutionGuid = {042B8B96-DE30-4A38-9109-88CE8D0FC5C0}
	EndGlobalSection
EndGlobal
